
Microsoft Visual Studio Solution File, Format Version 12.00
# Visual Studio 15
VisualStudioVersion = 15.0.28307.168
MinimumVisualStudioVersion = 10.0.40219.1
Project("{FAE04EC0-301F-11D3-BF4B-00C04F79EFBC}") = "CountFileExtensionLINQ", "CountFileExtensionLINQ\CountFileExtensionLINQ.csproj", "{805D493B-BB53-45C1-9FE9-32576B4CAB85}"
EndProject
Global
	GlobalSection(SolutionConfigurationPlatforms) = preSolution
		Debug|Any CPU = Debug|Any CPU
		Release|Any CPU = Release|Any CPU
	EndGlobalSection
	GlobalSection(ProjectConfigurationPlatforms) = postSolution
		{805D493B-BB53-45C1-9FE9-32576B4CAB85}.Debug|Any CPU.ActiveCfg = Debug|Any CPU
		{805D493B-BB53-45C1-9FE9-32576B4CAB85}.Debug|Any CPU.Build.0 = Debug|Any CPU
		{805D493B-BB53-45C1-9FE9-32576B4CAB85}.Release|Any CPU.ActiveCfg = Release|Any CPU
		{805D493B-BB53-45C1-9FE9-32576B4CAB85}.Release|Any CPU.Build.0 = Release|Any CPU
	EndGlobalSection
	GlobalSection(SolutionProperties) = preSolution
		HideSolutionNode = FALSE
	EndGlobalSection
	GlobalSection(ExtensibilityGlobals) = postSolution
		SolutionGuid = {F5A0D606-E92B-4C22-88D3-4D64AC76A4A0}
	EndGlobalSection
EndGlobal
